// !$*UTF8*$!
{
	archiveVersion = 1;
	classes = {
	};
	objectVersion = 56;
	objects = {

/* Begin PBXBuildFile section */
		9F3E8B602A6C92AC00714F7E /* FriendViewController.swift in Sources */ = {isa = PBXBuildFile; fileRef = 9F3E8B5F2A6C92AC00714F7E /* FriendViewController.swift */; };
		9F3E8B622A6C971700714F7E /* FriendCell.swift in Sources */ = {isa = PBXBuildFile; fileRef = 9F3E8B612A6C971700714F7E /* FriendCell.swift */; };
		9F3E8B642A6CA89E00714F7E /* GroupsViewController.swift in Sources */ = {isa = PBXBuildFile; fileRef = 9F3E8B632A6CA89E00714F7E /* GroupsViewController.swift */; };
		9F3E8B662A6CAA7A00714F7E /* GroupCell.swift in Sources */ = {isa = PBXBuildFile; fileRef = 9F3E8B652A6CAA7A00714F7E /* GroupCell.swift */; };
		9F3E8B682A6DBE2F00714F7E /* PhotosViewController.swift in Sources */ = {isa = PBXBuildFile; fileRef = 9F3E8B672A6DBE2E00714F7E /* PhotosViewController.swift */; };
		9F3E8B6A2A6DC03C00714F7E /* PhotoCell.swift in Sources */ = {isa = PBXBuildFile; fileRef = 9F3E8B692A6DC03C00714F7E /* PhotoCell.swift */; };
		9F3E8B6C2A6DCC2B00714F7E /* Constants.swift in Sources */ = {isa = PBXBuildFile; fileRef = 9F3E8B6B2A6DCC2B00714F7E /* Constants.swift */; };
		9FB7211D2A5867E80076AC95 /* AppDelegate.swift in Sources */ = {isa = PBXBuildFile; fileRef = 9FB7211C2A5867E80076AC95 /* AppDelegate.swift */; };
		9FB7211F2A5867E80076AC95 /* SceneDelegate.swift in Sources */ = {isa = PBXBuildFile; fileRef = 9FB7211E2A5867E80076AC95 /* SceneDelegate.swift */; };
		9FB721212A5867E80076AC95 /* ViewController.swift in Sources */ = {isa = PBXBuildFile; fileRef = 9FB721202A5867E80076AC95 /* ViewController.swift */; };
		9FB721262A5867EF0076AC95 /* Assets.xcassets in Resources */ = {isa = PBXBuildFile; fileRef = 9FB721252A5867EF0076AC95 /* Assets.xcassets */; };
		9FB721292A5867EF0076AC95 /* LaunchScreen.storyboard in Resources */ = {isa = PBXBuildFile; fileRef = 9FB721272A5867EF0076AC95 /* LaunchScreen.storyboard */; };
		9FB721312A586A7B0076AC95 /* LoginViewController.swift in Sources */ = {isa = PBXBuildFile; fileRef = 9FB721302A586A7B0076AC95 /* LoginViewController.swift */; };
		9FF9EB092B1D0CCC00C7E7F2 /* NetworkService.swift in Sources */ = {isa = PBXBuildFile; fileRef = 9FF9EB082B1D0CCB00C7E7F2 /* NetworkService.swift */; };
/* End PBXBuildFile section */

/* Begin PBXFileReference section */
		9F3E8B5F2A6C92AC00714F7E /* FriendViewController.swift */ = {isa = PBXFileReference; lastKnownFileType = sourcecode.swift; path = FriendViewController.swift; sourceTree = "<group>"; };
		9F3E8B612A6C971700714F7E /* FriendCell.swift */ = {isa = PBXFileReference; lastKnownFileType = sourcecode.swift; path = FriendCell.swift; sourceTree = "<group>"; };
		9F3E8B632A6CA89E00714F7E /* GroupsViewController.swift */ = {isa = PBXFileReference; lastKnownFileType = sourcecode.swift; path = GroupsViewController.swift; sourceTree = "<group>"; };
		9F3E8B652A6CAA7A00714F7E /* GroupCell.swift */ = {isa = PBXFileReference; lastKnownFileType = sourcecode.swift; path = GroupCell.swift; sourceTree = "<group>"; };
		9F3E8B672A6DBE2E00714F7E /* PhotosViewController.swift */ = {isa = PBXFileReference; lastKnownFileType = sourcecode.swift; path = PhotosViewController.swift; sourceTree = "<group>"; };
		9F3E8B692A6DC03C00714F7E /* PhotoCell.swift */ = {isa = PBXFileReference; lastKnownFileType = sourcecode.swift; path = PhotoCell.swift; sourceTree = "<group>"; };
		9F3E8B6B2A6DCC2B00714F7E /* Constants.swift */ = {isa = PBXFileReference; lastKnownFileType = sourcecode.swift; path = Constants.swift; sourceTree = "<group>"; };
		9FB0E6332AB8DDDE0063B81B /* main.md */ = {isa = PBXFileReference; lastKnownFileType = net.daringfireball.markdown; path = main.md; sourceTree = "<group>"; };
		9FB721192A5867E80076AC95 /* Homeworks.app */ = {isa = PBXFileReference; explicitFileType = wrapper.application; includeInIndex = 0; path = Homeworks.app; sourceTree = BUILT_PRODUCTS_DIR; };
		9FB7211C2A5867E80076AC95 /* AppDelegate.swift */ = {isa = PBXFileReference; lastKnownFileType = sourcecode.swift; path = AppDelegate.swift; sourceTree = "<group>"; };
		9FB7211E2A5867E80076AC95 /* SceneDelegate.swift */ = {isa = PBXFileReference; lastKnownFileType = sourcecode.swift; path = SceneDelegate.swift; sourceTree = "<group>"; };
		9FB721202A5867E80076AC95 /* ViewController.swift */ = {isa = PBXFileReference; lastKnownFileType = sourcecode.swift; path = ViewController.swift; sourceTree = "<group>"; };
		9FB721252A5867EF0076AC95 /* Assets.xcassets */ = {isa = PBXFileReference; lastKnownFileType = folder.assetcatalog; path = Assets.xcassets; sourceTree = "<group>"; };
		9FB721282A5867EF0076AC95 /* Base */ = {isa = PBXFileReference; lastKnownFileType = file.storyboard; name = Base; path = Base.lproj/LaunchScreen.storyboard; sourceTree = "<group>"; };
		9FB7212A2A5867EF0076AC95 /* Info.plist */ = {isa = PBXFileReference; lastKnownFileType = text.plist.xml; path = Info.plist; sourceTree = "<group>"; };
		9FB721302A586A7B0076AC95 /* LoginViewController.swift */ = {isa = PBXFileReference; lastKnownFileType = sourcecode.swift; path = LoginViewController.swift; sourceTree = "<group>"; };
		9FF9EB082B1D0CCB00C7E7F2 /* NetworkService.swift */ = {isa = PBXFileReference; lastKnownFileType = sourcecode.swift; path = NetworkService.swift; sourceTree = "<group>"; };
/* End PBXFileReference section */

/* Begin PBXFrameworksBuildPhase section */
		9FB721162A5867E80076AC95 /* Frameworks */ = {
			isa = PBXFrameworksBuildPhase;
			buildActionMask = 2147483647;
			files = (
			);
			runOnlyForDeploymentPostprocessing = 0;
		};
/* End PBXFrameworksBuildPhase section */

/* Begin PBXGroup section */
		9FB721102A5867E80076AC95 = {
			isa = PBXGroup;
			children = (
				9FB7211B2A5867E80076AC95 /* Homeworks */,
				9FB7211A2A5867E80076AC95 /* Products */,
			);
			sourceTree = "<group>";
		};
		9FB7211A2A5867E80076AC95 /* Products */ = {
			isa = PBXGroup;
			children = (
				9FB721192A5867E80076AC95 /* Homeworks.app */,
			);
			name = Products;
			sourceTree = "<group>";
		};
		9FB7211B2A5867E80076AC95 /* Homeworks */ = {
			isa = PBXGroup;
			children = (
				9FF9EB072B1D0B3600C7E7F2 /* Services */,
				9FB7211C2A5867E80076AC95 /* AppDelegate.swift */,
				9FB7211E2A5867E80076AC95 /* SceneDelegate.swift */,
				9FB721202A5867E80076AC95 /* ViewController.swift */,
				9FB721252A5867EF0076AC95 /* Assets.xcassets */,
				9FB721272A5867EF0076AC95 /* LaunchScreen.storyboard */,
				9FB7212A2A5867EF0076AC95 /* Info.plist */,
				9FB721302A586A7B0076AC95 /* LoginViewController.swift */,
				9F3E8B5F2A6C92AC00714F7E /* FriendViewController.swift */,
				9F3E8B612A6C971700714F7E /* FriendCell.swift */,
				9F3E8B632A6CA89E00714F7E /* GroupsViewController.swift */,
				9F3E8B652A6CAA7A00714F7E /* GroupCell.swift */,
				9F3E8B672A6DBE2E00714F7E /* PhotosViewController.swift */,
				9F3E8B692A6DC03C00714F7E /* PhotoCell.swift */,
				9F3E8B6B2A6DCC2B00714F7E /* Constants.swift */,
				9FB0E6332AB8DDDE0063B81B /* main.md */,
			);
			path = Homeworks;
			sourceTree = "<group>";
		};
		9FF9EB072B1D0B3600C7E7F2 /* Services */ = {
			isa = PBXGroup;
			children = (
				9FF9EB082B1D0CCB00C7E7F2 /* NetworkService.swift */,
			);
			path = Services;
			sourceTree = "<group>";
		};
/* End PBXGroup section */

/* Begin PBXNativeTarget section */
		9FB721182A5867E80076AC95 /* Homeworks */ = {
			isa = PBXNativeTarget;
			buildConfigurationList = 9FB7212D2A5867EF0076AC95 /* Build configuration list for PBXNativeTarget "Homeworks" */;
			buildPhases = (
				9FB721152A5867E80076AC95 /* Sources */,
				9FB721162A5867E80076AC95 /* Frameworks */,
				9FB721172A5867E80076AC95 /* Resources */,
			);
			buildRules = (
			);
			dependencies = (
			);
			name = Homeworks;
			productName = Homeworks;
			productReference = 9FB721192A5867E80076AC95 /* Homeworks.app */;
			productType = "com.apple.product-type.application";
		};
/* End PBXNativeTarget section */

/* Begin PBXProject section */
		9FB721112A5867E80076AC95 /* Project object */ = {
			isa = PBXProject;
			attributes = {
				BuildIndependentTargetsInParallel = 1;
				LastSwiftUpdateCheck = 1430;
				LastUpgradeCheck = 1430;
				TargetAttributes = {
					9FB721182A5867E80076AC95 = {
						CreatedOnToolsVersion = 14.3.1;
					};
				};
			};
			buildConfigurationList = 9FB721142A5867E80076AC95 /* Build configuration list for PBXProject "Homeworks" */;
			compatibilityVersion = "Xcode 14.0";
			developmentRegion = en;
			hasScannedForEncodings = 0;
			knownRegions = (
				en,
				Base,
			);
			mainGroup = 9FB721102A5867E80076AC95;
			productRefGroup = 9FB7211A2A5867E80076AC95 /* Products */;
			projectDirPath = "";
			projectRoot = "";
			targets = (
				9FB721182A5867E80076AC95 /* Homeworks */,
			);
		};
/* End PBXProject section */

/* Begin PBXResourcesBuildPhase section */
		9FB721172A5867E80076AC95 /* Resources */ = {
			isa = PBXResourcesBuildPhase;
			buildActionMask = 2147483647;
			files = (
				9FB721292A5867EF0076AC95 /* LaunchScreen.storyboard in Resources */,
				9FB721262A5867EF0076AC95 /* Assets.xcassets in Resources */,
			);
			runOnlyForDeploymentPostprocessing = 0;
		};
/* End PBXResourcesBuildPhase section */

/* Begin PBXSourcesBuildPhase section */
		9FB721152A5867E80076AC95 /* Sources */ = {
			isa = PBXSourcesBuildPhase;
			buildActionMask = 2147483647;
			files = (
				9F3E8B682A6DBE2F00714F7E /* PhotosViewController.swift in Sources */,
				9F3E8B6C2A6DCC2B00714F7E /* Constants.swift in Sources */,
				9F3E8B642A6CA89E00714F7E /* GroupsViewController.swift in Sources */,
				9FB721312A586A7B0076AC95 /* LoginViewController.swift in Sources */,
				9F3E8B622A6C971700714F7E /* FriendCell.swift in Sources */,
				9F3E8B602A6C92AC00714F7E /* FriendViewController.swift in Sources */,
				9FB721212A5867E80076AC95 /* ViewController.swift in Sources */,
				9F3E8B6A2A6DC03C00714F7E /* PhotoCell.swift in Sources */,
				9FB7211D2A5867E80076AC95 /* AppDelegate.swift in Sources */,
				9FB7211F2A5867E80076AC95 /* SceneDelegate.swift in Sources */,
				9FF9EB092B1D0CCC00C7E7F2 /* NetworkService.swift in Sources */,
				9F3E8B662A6CAA7A00714F7E /* GroupCell.swift in Sources */,
			);
			runOnlyForDeploymentPostprocessing = 0;
		};
/* End PBXSourcesBuildPhase section */

/* Begin PBXVariantGroup section */
		9FB721272A5867EF0076AC95 /* LaunchScreen.storyboard */ = {
			isa = PBXVariantGroup;
			children = (
				9FB721282A5867EF0076AC95 /* Base */,
			);
			name = LaunchScreen.storyboard;
			sourceTree = "<group>";
		};
/* End PBXVariantGroup section */

/* Begin XCBuildConfiguration section */
		9FB7212B2A5867EF0076AC95 /* Debug */ = {
			isa = XCBuildConfiguration;
			buildSettings = {
				ALWAYS_SEARCH_USER_PATHS = NO;
				CLANG_ANALYZER_NONNULL = YES;
				CLANG_ANALYZER_NUMBER_OBJECT_CONVERSION = YES_AGGRESSIVE;
				CLANG_CXX_LANGUAGE_STANDARD = "gnu++20";
				CLANG_ENABLE_MODULES = YES;
				CLANG_ENABLE_OBJC_ARC = YES;
				CLANG_ENABLE_OBJC_WEAK = YES;
				CLANG_WARN_BLOCK_CAPTURE_AUTORELEASING = YES;
				CLANG_WARN_BOOL_CONVERSION = YES;
				CLANG_WARN_COMMA = YES;
				CLANG_WARN_CONSTANT_CONVERSION = YES;
				CLANG_WARN_DEPRECATED_OBJC_IMPLEMENTATIONS = YES;
				CLANG_WARN_DIRECT_OBJC_ISA_USAGE = YES_ERROR;
				CLANG_WARN_DOCUMENTATION_COMMENTS = YES;
				CLANG_WARN_EMPTY_BODY = YES;
				CLANG_WARN_ENUM_CONVERSION = YES;
				CLANG_WARN_INFINITE_RECURSION = YES;
				CLANG_WARN_INT_CONVERSION = YES;
				CLANG_WARN_NON_LITERAL_NULL_CONVERSION = YES;
				CLANG_WARN_OBJC_IMPLICIT_RETAIN_SELF = YES;
				CLANG_WARN_OBJC_LITERAL_CONVERSION = YES;
				CLANG_WARN_OBJC_ROOT_CLASS = YES_ERROR;
				CLANG_WARN_QUOTED_INCLUDE_IN_FRAMEWORK_HEADER = YES;
				CLANG_WARN_RANGE_LOOP_ANALYSIS = YES;
				CLANG_WARN_STRICT_PROTOTYPES = YES;
				CLANG_WARN_SUSPICIOUS_MOVE = YES;
				CLANG_WARN_UNGUARDED_AVAILABILITY = YES_AGGRESSIVE;
				CLANG_WARN_UNREACHABLE_CODE = YES;
				CLANG_WARN__DUPLICATE_METHOD_MATCH = YES;
				COPY_PHASE_STRIP = NO;
				DEBUG_INFORMATION_FORMAT = dwarf;
				ENABLE_STRICT_OBJC_MSGSEND = YES;
				ENABLE_TESTABILITY = YES;
				GCC_C_LANGUAGE_STANDARD = gnu11;
				GCC_DYNAMIC_NO_PIC = NO;
				GCC_NO_COMMON_BLOCKS = YES;
				GCC_OPTIMIZATION_LEVEL = 0;
				GCC_PREPROCESSOR_DEFINITIONS = (
					"DEBUG=1",
					"$(inherited)",
				);
				GCC_WARN_64_TO_32_BIT_CONVERSION = YES;
				GCC_WARN_ABOUT_RETURN_TYPE = YES_ERROR;
				GCC_WARN_UNDECLARED_SELECTOR = YES;
				GCC_WARN_UNINITIALIZED_AUTOS = YES_AGGRESSIVE;
				GCC_WARN_UNUSED_FUNCTION = YES;
				GCC_WARN_UNUSED_VARIABLE = YES;
				IPHONEOS_DEPLOYMENT_TARGET = 16.4;
				MTL_ENABLE_DEBUG_INFO = INCLUDE_SOURCE;
				MTL_FAST_MATH = YES;
				ONLY_ACTIVE_ARCH = YES;
				SDKROOT = iphoneos;
				SWIFT_ACTIVE_COMPILATION_CONDITIONS = DEBUG;
				SWIFT_OPTIMIZATION_LEVEL = "-Onone";
			};
			name = Debug;
		};
		9FB7212C2A5867EF0076AC95 /* Release */ = {
			isa = XCBuildConfiguration;
			buildSettings = {
				ALWAYS_SEARCH_USER_PATHS = NO;
				CLANG_ANALYZER_NONNULL = YES;
				CLANG_ANALYZER_NUMBER_OBJECT_CONVERSION = YES_AGGRESSIVE;
				CLANG_CXX_LANGUAGE_STANDARD = "gnu++20";
				CLANG_ENABLE_MODULES = YES;
				CLANG_ENABLE_OBJC_ARC = YES;
				CLANG_ENABLE_OBJC_WEAK = YES;
				CLANG_WARN_BLOCK_CAPTURE_AUTORELEASING = YES;
				CLANG_WARN_BOOL_CONVERSION = YES;
				CLANG_WARN_COMMA = YES;
				CLANG_WARN_CONSTANT_CONVERSION = YES;
				CLANG_WARN_DEPRECATED_OBJC_IMPLEMENTATIONS = YES;
				CLANG_WARN_DIRECT_OBJC_ISA_USAGE = YES_ERROR;
				CLANG_WARN_DOCUMENTATION_COMMENTS = YES;
				CLANG_WARN_EMPTY_BODY = YES;
				CLANG_WARN_ENUM_CONVERSION = YES;
				CLANG_WARN_INFINITE_RECURSION = YES;
				CLANG_WARN_INT_CONVERSION = YES;
				CLANG_WARN_NON_LITERAL_NULL_CONVERSION = YES;
				CLANG_WARN_OBJC_IMPLICIT_RETAIN_SELF = YES;
				CLANG_WARN_OBJC_LITERAL_CONVERSION = YES;
				CLANG_WARN_OBJC_ROOT_CLASS = YES_ERROR;
				CLANG_WARN_QUOTED_INCLUDE_IN_FRAMEWORK_HEADER = YES;
				CLANG_WARN_RANGE_LOOP_ANALYSIS = YES;
				CLANG_WARN_STRICT_PROTOTYPES = YES;
				CLANG_WARN_SUSPICIOUS_MOVE = YES;
				CLANG_WARN_UNGUARDED_AVAILABILITY = YES_AGGRESSIVE;
				CLANG_WARN_UNREACHABLE_CODE = YES;
				CLANG_WARN__DUPLICATE_METHOD_MATCH = YES;
				COPY_PHASE_STRIP = NO;
				DEBUG_INFORMATION_FORMAT = "dwarf-with-dsym";
				ENABLE_NS_ASSERTIONS = NO;
				ENABLE_STRICT_OBJC_MSGSEND = YES;
				GCC_C_LANGUAGE_STANDARD = gnu11;
				GCC_NO_COMMON_BLOCKS = YES;
				GCC_WARN_64_TO_32_BIT_CONVERSION = YES;
				GCC_WARN_ABOUT_RETURN_TYPE = YES_ERROR;
				GCC_WARN_UNDECLARED_SELECTOR = YES;
				GCC_WARN_UNINITIALIZED_AUTOS = YES_AGGRESSIVE;
				GCC_WARN_UNUSED_FUNCTION = YES;
				GCC_WARN_UNUSED_VARIABLE = YES;
				IPHONEOS_DEPLOYMENT_TARGET = 16.4;
				MTL_ENABLE_DEBUG_INFO = NO;
				MTL_FAST_MATH = YES;
				SDKROOT = iphoneos;
				SWIFT_COMPILATION_MODE = wholemodule;
				SWIFT_OPTIMIZATION_LEVEL = "-O";
				VALIDATE_PRODUCT = YES;
			};
			name = Release;
		};
		9FB7212E2A5867EF0076AC95 /* Debug */ = {
			isa = XCBuildConfiguration;
			buildSettings = {
				ASSETCATALOG_COMPILER_APPICON_NAME = AppIcon;
				ASSETCATALOG_COMPILER_GLOBAL_ACCENT_COLOR_NAME = AccentColor;
				CODE_SIGN_STYLE = Automatic;
				CURRENT_PROJECT_VERSION = 1;
				GENERATE_INFOPLIST_FILE = YES;
				INFOPLIST_FILE = Homeworks/Info.plist;
				INFOPLIST_KEY_UIApplicationSupportsIndirectInputEvents = YES;
				INFOPLIST_KEY_UILaunchStoryboardName = LaunchScreen;
				INFOPLIST_KEY_UISupportedInterfaceOrientations_iPad = "UIInterfaceOrientationPortrait UIInterfaceOrientationPortraitUpsideDown UIInterfaceOrientationLandscapeLeft UIInterfaceOrientationLandscapeRight";
				INFOPLIST_KEY_UISupportedInterfaceOrientations_iPhone = "UIInterfaceOrientationPortrait UIInterfaceOrientationLandscapeLeft UIInterfaceOrientationLandscapeRight";
				LD_RUNPATH_SEARCH_PATHS = (
					"$(inherited)",
					"@executable_path/Frameworks",
				);
				MARKETING_VERSION = 1.0;
				PRODUCT_BUNDLE_IDENTIFIER = ru.frequenza.test.Homeworks;
				PRODUCT_NAME = "$(TARGET_NAME)";
				SWIFT_EMIT_LOC_STRINGS = YES;
				SWIFT_VERSION = 5.0;
				TARGETED_DEVICE_FAMILY = "1,2";
			};
			name = Debug;
		};
		9FB7212F2A5867EF0076AC95 /* Release */ = {
			isa = XCBuildConfiguration;
			buildSettings = {
				ASSETCATALOG_COMPILER_APPICON_NAME = AppIcon;
				ASSETCATALOG_COMPILER_GLOBAL_ACCENT_COLOR_NAME = AccentColor;
				CODE_SIGN_STYLE = Automatic;
				CURRENT_PROJECT_VERSION = 1;
				GENERATE_INFOPLIST_FILE = YES;
				INFOPLIST_FILE = Homeworks/Info.plist;
				INFOPLIST_KEY_UIApplicationSupportsIndirectInputEvents = YES;
				INFOPLIST_KEY_UILaunchStoryboardName = LaunchScreen;
				INFOPLIST_KEY_UISupportedInterfaceOrientations_iPad = "UIInterfaceOrientationPortrait UIInterfaceOrientationPortraitUpsideDown UIInterfaceOrientationLandscapeLeft UIInterfaceOrientationLandscapeRight";
				INFOPLIST_KEY_UISupportedInterfaceOrientations_iPhone = "UIInterfaceOrientationPortrait UIInterfaceOrientationLandscapeLeft UIInterfaceOrientationLandscapeRight";
				LD_RUNPATH_SEARCH_PATHS = (
					"$(inherited)",
					"@executable_path/Frameworks",
				);
				MARKETING_VERSION = 1.0;
				PRODUCT_BUNDLE_IDENTIFIER = ru.frequenza.test.Homeworks;
				PRODUCT_NAME = "$(TARGET_NAME)";
				SWIFT_EMIT_LOC_STRINGS = YES;
				SWIFT_VERSION = 5.0;
				TARGETED_DEVICE_FAMILY = "1,2";
			};
			name = Release;
		};
/* End XCBuildConfiguration section */

/* Begin XCConfigurationList section */
		9FB721142A5867E80076AC95 /* Build configuration list for PBXProject "Homeworks" */ = {
			isa = XCConfigurationList;
			buildConfigurations = (
				9FB7212B2A5867EF0076AC95 /* Debug */,
				9FB7212C2A5867EF0076AC95 /* Release */,
			);
			defaultConfigurationIsVisible = 0;
			defaultConfigurationName = Release;
		};
		9FB7212D2A5867EF0076AC95 /* Build configuration list for PBXNativeTarget "Homeworks" */ = {
			isa = XCConfigurationList;
			buildConfigurations = (
				9FB7212E2A5867EF0076AC95 /* Debug */,
				9FB7212F2A5867EF0076AC95 /* Release */,
			);
			defaultConfigurationIsVisible = 0;
			defaultConfigurationName = Release;
		};
/* End XCConfigurationList section */
	};
	rootObject = 9FB721112A5867E80076AC95 /* Project object */;
}
